// !$*UTF8*$!
{
	archiveVersion = 1;
	classes = {
	};
	objectVersion = 55;
	objects = {

/* Begin PBXBuildFile section */
		2117286FC2FD9949DCD33AA8 /* Pods_Scentsnote.framework in Frameworks */ = {isa = PBXBuildFile; fileRef = 94FFF111A189ED842A449AAE /* Pods_Scentsnote.framework */; };
		3863AC847E6A85C6F2A4D3D7 /* Pods_ScentsnoteTests.framework in Frameworks */ = {isa = PBXBuildFile; fileRef = 50A65933E90DD0C986D627F9 /* Pods_ScentsnoteTests.framework */; };
		4A8F89C828F4F91A00ACE0F1 /* AppDelegate.swift in Sources */ = {isa = PBXBuildFile; fileRef = 4A8F89C728F4F91A00ACE0F1 /* AppDelegate.swift */; };
		4A8F89CA28F4F91A00ACE0F1 /* SceneDelegate.swift in Sources */ = {isa = PBXBuildFile; fileRef = 4A8F89C928F4F91A00ACE0F1 /* SceneDelegate.swift */; };
		4A8F89CC28F4F91A00ACE0F1 /* ViewController.swift in Sources */ = {isa = PBXBuildFile; fileRef = 4A8F89CB28F4F91A00ACE0F1 /* ViewController.swift */; };
		4A8F89CF28F4F91A00ACE0F1 /* Main.storyboard in Resources */ = {isa = PBXBuildFile; fileRef = 4A8F89CD28F4F91A00ACE0F1 /* Main.storyboard */; };
		4A8F89D128F4F91A00ACE0F1 /* Assets.xcassets in Resources */ = {isa = PBXBuildFile; fileRef = 4A8F89D028F4F91A00ACE0F1 /* Assets.xcassets */; };
		4A8F89D428F4F91A00ACE0F1 /* LaunchScreen.storyboard in Resources */ = {isa = PBXBuildFile; fileRef = 4A8F89D228F4F91A00ACE0F1 /* LaunchScreen.storyboard */; };
		4A8F89DF28F4F91A00ACE0F1 /* ScentsnoteTests.swift in Sources */ = {isa = PBXBuildFile; fileRef = 4A8F89DE28F4F91A00ACE0F1 /* ScentsnoteTests.swift */; };
		4A8F89E928F4F91A00ACE0F1 /* ScentsnoteUITests.swift in Sources */ = {isa = PBXBuildFile; fileRef = 4A8F89E828F4F91A00ACE0F1 /* ScentsnoteUITests.swift */; };
		4A8F89EB28F4F91A00ACE0F1 /* ScentsnoteUITestsLaunchTests.swift in Sources */ = {isa = PBXBuildFile; fileRef = 4A8F89EA28F4F91A00ACE0F1 /* ScentsnoteUITestsLaunchTests.swift */; };
		4AAFE79628FAA84400EA6FB4 /* Coordinator.swift in Sources */ = {isa = PBXBuildFile; fileRef = 4AAFE79528FAA84400EA6FB4 /* Coordinator.swift */; };
		4AAFE79928FAA8B600EA6FB4 /* CoordinatorFinishDelegate.swift in Sources */ = {isa = PBXBuildFile; fileRef = 4AAFE79828FAA8B600EA6FB4 /* CoordinatorFinishDelegate.swift */; };
		4AAFE79C28FAA94E00EA6FB4 /* CoordinatorType.swift in Sources */ = {isa = PBXBuildFile; fileRef = 4AAFE79B28FAA94E00EA6FB4 /* CoordinatorType.swift */; };
		4AAFE7D928FB9E3900EA6FB4 /* ApplicationCoordinator.swift in Sources */ = {isa = PBXBuildFile; fileRef = 4AAFE7D828FB9E3900EA6FB4 /* ApplicationCoordinator.swift */; };
		4AAFE7DC28FB9EC000EA6FB4 /* CoordinatorFactory.swift in Sources */ = {isa = PBXBuildFile; fileRef = 4AAFE7DB28FB9EC000EA6FB4 /* CoordinatorFactory.swift */; };
		4AAFE7E228FBC83800EA6FB4 /* DefaultApplicationCoordinator.swift in Sources */ = {isa = PBXBuildFile; fileRef = 4AAFE7E128FBC83800EA6FB4 /* DefaultApplicationCoordinator.swift */; };
		4AAFE7E728FBCF0F00EA6FB4 /* OnboardingViewController.swift in Sources */ = {isa = PBXBuildFile; fileRef = 4AAFE7E628FBCF0F00EA6FB4 /* OnboardingViewController.swift */; };
		4AAFE7E928FBCF2700EA6FB4 /* OnboardingViewModel.swift in Sources */ = {isa = PBXBuildFile; fileRef = 4AAFE7E828FBCF2700EA6FB4 /* OnboardingViewModel.swift */; };
		4AAFE7EC28FBCF4B00EA6FB4 /* OnboardingCoordinator.swift in Sources */ = {isa = PBXBuildFile; fileRef = 4AAFE7EB28FBCF4B00EA6FB4 /* OnboardingCoordinator.swift */; };
		4AAFE7EE28FBD07A00EA6FB4 /* DefaultOnboardingCoordinator.swift in Sources */ = {isa = PBXBuildFile; fileRef = 4AAFE7ED28FBD07A00EA6FB4 /* DefaultOnboardingCoordinator.swift */; };
		4AAFE7F028FBDBCB00EA6FB4 /* LoginCoordinator.swift in Sources */ = {isa = PBXBuildFile; fileRef = 4AAFE7EF28FBDBCB00EA6FB4 /* LoginCoordinator.swift */; };
		4AAFE7F228FBE32200EA6FB4 /* UIColor+Custom.swift in Sources */ = {isa = PBXBuildFile; fileRef = 4AAFE7F128FBE32200EA6FB4 /* UIColor+Custom.swift */; };
		4AAFE7F428FBE48F00EA6FB4 /* UIFont+Custom.swift in Sources */ = {isa = PBXBuildFile; fileRef = 4AAFE7F328FBE48F00EA6FB4 /* UIFont+Custom.swift */; };
		4AAFE80B28FBF7DE00EA6FB4 /* NotoSansCJKkr-Bold.otf in Resources */ = {isa = PBXBuildFile; fileRef = 4AAFE80828FBF7DE00EA6FB4 /* NotoSansCJKkr-Bold.otf */; };
		4AAFE80C28FBF7DE00EA6FB4 /* NotoSansCJKkr-Medium.otf in Resources */ = {isa = PBXBuildFile; fileRef = 4AAFE80928FBF7DE00EA6FB4 /* NotoSansCJKkr-Medium.otf */; };
		4AAFE80D28FBF7DE00EA6FB4 /* NotoSansCJKkr-Regular.otf in Resources */ = {isa = PBXBuildFile; fileRef = 4AAFE80A28FBF7DE00EA6FB4 /* NotoSansCJKkr-Regular.otf */; };
		4AAFE81128FBF7F600EA6FB4 /* NanumMyeongjoExtraBold.otf in Resources */ = {isa = PBXBuildFile; fileRef = 4AAFE80E28FBF7F600EA6FB4 /* NanumMyeongjoExtraBold.otf */; };
		4AAFE81228FBF7F600EA6FB4 /* NanumMyeongjo.otf in Resources */ = {isa = PBXBuildFile; fileRef = 4AAFE80F28FBF7F600EA6FB4 /* NanumMyeongjo.otf */; };
		4AAFE81328FBF7F600EA6FB4 /* NanumMyeongjoBold.otf in Resources */ = {isa = PBXBuildFile; fileRef = 4AAFE81028FBF7F600EA6FB4 /* NanumMyeongjoBold.otf */; };
		4AAFE81528FC02DB00EA6FB4 /* DefaultLoginCoordinator.swift in Sources */ = {isa = PBXBuildFile; fileRef = 4AAFE81428FC02DB00EA6FB4 /* DefaultLoginCoordinator.swift */; };
		4AAFE81728FC035D00EA6FB4 /* LoginViewController.swift in Sources */ = {isa = PBXBuildFile; fileRef = 4AAFE81628FC035D00EA6FB4 /* LoginViewController.swift */; };
		4AAFE81928FC058800EA6FB4 /* LoginViewModel.swift in Sources */ = {isa = PBXBuildFile; fileRef = 4AAFE81828FC058800EA6FB4 /* LoginViewModel.swift */; };
		4AAFE81B28FCE7F000EA6FB4 /* BaseNavigationController.swift in Sources */ = {isa = PBXBuildFile; fileRef = 4AAFE81A28FCE7F000EA6FB4 /* BaseNavigationController.swift */; };
		4AAFE81D28FCF4B300EA6FB4 /* UINavigationController+Extension.swift in Sources */ = {isa = PBXBuildFile; fileRef = 4AAFE81C28FCF4B300EA6FB4 /* UINavigationController+Extension.swift */; };
		BA85E91C3DD97F8653EC93FF /* Pods_Scentsnote_ScentsnoteUITests.framework in Frameworks */ = {isa = PBXBuildFile; fileRef = 4710437B95567FDFCACC4DBE /* Pods_Scentsnote_ScentsnoteUITests.framework */; };
/* End PBXBuildFile section */

/* Begin PBXContainerItemProxy section */
		4A8F89DB28F4F91A00ACE0F1 /* PBXContainerItemProxy */ = {
			isa = PBXContainerItemProxy;
			containerPortal = 4A8F89BC28F4F91A00ACE0F1 /* Project object */;
			proxyType = 1;
			remoteGlobalIDString = 4A8F89C328F4F91A00ACE0F1;
			remoteInfo = Scentsnote;
		};
		4A8F89E528F4F91A00ACE0F1 /* PBXContainerItemProxy */ = {
			isa = PBXContainerItemProxy;
			containerPortal = 4A8F89BC28F4F91A00ACE0F1 /* Project object */;
			proxyType = 1;
			remoteGlobalIDString = 4A8F89C328F4F91A00ACE0F1;
			remoteInfo = Scentsnote;
		};
/* End PBXContainerItemProxy section */

/* Begin PBXFileReference section */
		02ECD673E98C72A46A8B32D3 /* Pods-Scentsnote-ScentsnoteUITests.release.xcconfig */ = {isa = PBXFileReference; includeInIndex = 1; lastKnownFileType = text.xcconfig; name = "Pods-Scentsnote-ScentsnoteUITests.release.xcconfig"; path = "Target Support Files/Pods-Scentsnote-ScentsnoteUITests/Pods-Scentsnote-ScentsnoteUITests.release.xcconfig"; sourceTree = "<group>"; };
		08C74AC5C1D83FD46A833F85 /* Pods-Scentsnote.debug.xcconfig */ = {isa = PBXFileReference; includeInIndex = 1; lastKnownFileType = text.xcconfig; name = "Pods-Scentsnote.debug.xcconfig"; path = "Target Support Files/Pods-Scentsnote/Pods-Scentsnote.debug.xcconfig"; sourceTree = "<group>"; };
		1A82A9EC388AC1FD16853DFC /* Pods-Scentsnote-ScentsnoteUITests.debug.xcconfig */ = {isa = PBXFileReference; includeInIndex = 1; lastKnownFileType = text.xcconfig; name = "Pods-Scentsnote-ScentsnoteUITests.debug.xcconfig"; path = "Target Support Files/Pods-Scentsnote-ScentsnoteUITests/Pods-Scentsnote-ScentsnoteUITests.debug.xcconfig"; sourceTree = "<group>"; };
		4710437B95567FDFCACC4DBE /* Pods_Scentsnote_ScentsnoteUITests.framework */ = {isa = PBXFileReference; explicitFileType = wrapper.framework; includeInIndex = 0; path = Pods_Scentsnote_ScentsnoteUITests.framework; sourceTree = BUILT_PRODUCTS_DIR; };
		4A8F89C428F4F91A00ACE0F1 /* Scentsnote.app */ = {isa = PBXFileReference; explicitFileType = wrapper.application; includeInIndex = 0; path = Scentsnote.app; sourceTree = BUILT_PRODUCTS_DIR; };
		4A8F89C728F4F91A00ACE0F1 /* AppDelegate.swift */ = {isa = PBXFileReference; lastKnownFileType = sourcecode.swift; path = AppDelegate.swift; sourceTree = "<group>"; };
		4A8F89C928F4F91A00ACE0F1 /* SceneDelegate.swift */ = {isa = PBXFileReference; lastKnownFileType = sourcecode.swift; path = SceneDelegate.swift; sourceTree = "<group>"; };
		4A8F89CB28F4F91A00ACE0F1 /* ViewController.swift */ = {isa = PBXFileReference; lastKnownFileType = sourcecode.swift; path = ViewController.swift; sourceTree = "<group>"; };
		4A8F89CE28F4F91A00ACE0F1 /* Base */ = {isa = PBXFileReference; lastKnownFileType = file.storyboard; name = Base; path = Base.lproj/Main.storyboard; sourceTree = "<group>"; };
		4A8F89D028F4F91A00ACE0F1 /* Assets.xcassets */ = {isa = PBXFileReference; lastKnownFileType = folder.assetcatalog; path = Assets.xcassets; sourceTree = "<group>"; };
		4A8F89D328F4F91A00ACE0F1 /* Base */ = {isa = PBXFileReference; lastKnownFileType = file.storyboard; name = Base; path = Base.lproj/LaunchScreen.storyboard; sourceTree = "<group>"; };
		4A8F89D528F4F91A00ACE0F1 /* Info.plist */ = {isa = PBXFileReference; lastKnownFileType = text.plist.xml; path = Info.plist; sourceTree = "<group>"; };
		4A8F89DA28F4F91A00ACE0F1 /* ScentsnoteTests.xctest */ = {isa = PBXFileReference; explicitFileType = wrapper.cfbundle; includeInIndex = 0; path = ScentsnoteTests.xctest; sourceTree = BUILT_PRODUCTS_DIR; };
		4A8F89DE28F4F91A00ACE0F1 /* ScentsnoteTests.swift */ = {isa = PBXFileReference; lastKnownFileType = sourcecode.swift; path = ScentsnoteTests.swift; sourceTree = "<group>"; };
		4A8F89E428F4F91A00ACE0F1 /* ScentsnoteUITests.xctest */ = {isa = PBXFileReference; explicitFileType = wrapper.cfbundle; includeInIndex = 0; path = ScentsnoteUITests.xctest; sourceTree = BUILT_PRODUCTS_DIR; };
		4A8F89E828F4F91A00ACE0F1 /* ScentsnoteUITests.swift */ = {isa = PBXFileReference; lastKnownFileType = sourcecode.swift; path = ScentsnoteUITests.swift; sourceTree = "<group>"; };
		4A8F89EA28F4F91A00ACE0F1 /* ScentsnoteUITestsLaunchTests.swift */ = {isa = PBXFileReference; lastKnownFileType = sourcecode.swift; path = ScentsnoteUITestsLaunchTests.swift; sourceTree = "<group>"; };
		4AAFE79528FAA84400EA6FB4 /* Coordinator.swift */ = {isa = PBXFileReference; lastKnownFileType = sourcecode.swift; path = Coordinator.swift; sourceTree = "<group>"; };
		4AAFE79828FAA8B600EA6FB4 /* CoordinatorFinishDelegate.swift */ = {isa = PBXFileReference; lastKnownFileType = sourcecode.swift; path = CoordinatorFinishDelegate.swift; sourceTree = "<group>"; };
		4AAFE79B28FAA94E00EA6FB4 /* CoordinatorType.swift */ = {isa = PBXFileReference; lastKnownFileType = sourcecode.swift; path = CoordinatorType.swift; sourceTree = "<group>"; };
		4AAFE7D828FB9E3900EA6FB4 /* ApplicationCoordinator.swift */ = {isa = PBXFileReference; lastKnownFileType = sourcecode.swift; path = ApplicationCoordinator.swift; sourceTree = "<group>"; };
		4AAFE7DB28FB9EC000EA6FB4 /* CoordinatorFactory.swift */ = {isa = PBXFileReference; lastKnownFileType = sourcecode.swift; path = CoordinatorFactory.swift; sourceTree = "<group>"; };
		4AAFE7E128FBC83800EA6FB4 /* DefaultApplicationCoordinator.swift */ = {isa = PBXFileReference; lastKnownFileType = sourcecode.swift; path = DefaultApplicationCoordinator.swift; sourceTree = "<group>"; };
		4AAFE7E628FBCF0F00EA6FB4 /* OnboardingViewController.swift */ = {isa = PBXFileReference; lastKnownFileType = sourcecode.swift; path = OnboardingViewController.swift; sourceTree = "<group>"; };
		4AAFE7E828FBCF2700EA6FB4 /* OnboardingViewModel.swift */ = {isa = PBXFileReference; lastKnownFileType = sourcecode.swift; path = OnboardingViewModel.swift; sourceTree = "<group>"; };
		4AAFE7EB28FBCF4B00EA6FB4 /* OnboardingCoordinator.swift */ = {isa = PBXFileReference; lastKnownFileType = sourcecode.swift; path = OnboardingCoordinator.swift; sourceTree = "<group>"; };
		4AAFE7ED28FBD07A00EA6FB4 /* DefaultOnboardingCoordinator.swift */ = {isa = PBXFileReference; lastKnownFileType = sourcecode.swift; path = DefaultOnboardingCoordinator.swift; sourceTree = "<group>"; };
		4AAFE7EF28FBDBCB00EA6FB4 /* LoginCoordinator.swift */ = {isa = PBXFileReference; lastKnownFileType = sourcecode.swift; path = LoginCoordinator.swift; sourceTree = "<group>"; };
		4AAFE7F128FBE32200EA6FB4 /* UIColor+Custom.swift */ = {isa = PBXFileReference; lastKnownFileType = sourcecode.swift; path = "UIColor+Custom.swift"; sourceTree = "<group>"; };
		4AAFE7F328FBE48F00EA6FB4 /* UIFont+Custom.swift */ = {isa = PBXFileReference; lastKnownFileType = sourcecode.swift; path = "UIFont+Custom.swift"; sourceTree = "<group>"; };
		4AAFE80828FBF7DE00EA6FB4 /* NotoSansCJKkr-Bold.otf */ = {isa = PBXFileReference; lastKnownFileType = file; path = "NotoSansCJKkr-Bold.otf"; sourceTree = "<group>"; };
		4AAFE80928FBF7DE00EA6FB4 /* NotoSansCJKkr-Medium.otf */ = {isa = PBXFileReference; lastKnownFileType = file; path = "NotoSansCJKkr-Medium.otf"; sourceTree = "<group>"; };
		4AAFE80A28FBF7DE00EA6FB4 /* NotoSansCJKkr-Regular.otf */ = {isa = PBXFileReference; lastKnownFileType = file; path = "NotoSansCJKkr-Regular.otf"; sourceTree = "<group>"; };
		4AAFE80E28FBF7F600EA6FB4 /* NanumMyeongjoExtraBold.otf */ = {isa = PBXFileReference; lastKnownFileType = file; path = NanumMyeongjoExtraBold.otf; sourceTree = "<group>"; };
		4AAFE80F28FBF7F600EA6FB4 /* NanumMyeongjo.otf */ = {isa = PBXFileReference; lastKnownFileType = file; path = NanumMyeongjo.otf; sourceTree = "<group>"; };
		4AAFE81028FBF7F600EA6FB4 /* NanumMyeongjoBold.otf */ = {isa = PBXFileReference; lastKnownFileType = file; path = NanumMyeongjoBold.otf; sourceTree = "<group>"; };
		4AAFE81428FC02DB00EA6FB4 /* DefaultLoginCoordinator.swift */ = {isa = PBXFileReference; lastKnownFileType = sourcecode.swift; path = DefaultLoginCoordinator.swift; sourceTree = "<group>"; };
		4AAFE81628FC035D00EA6FB4 /* LoginViewController.swift */ = {isa = PBXFileReference; lastKnownFileType = sourcecode.swift; path = LoginViewController.swift; sourceTree = "<group>"; };
		4AAFE81828FC058800EA6FB4 /* LoginViewModel.swift */ = {isa = PBXFileReference; lastKnownFileType = sourcecode.swift; path = LoginViewModel.swift; sourceTree = "<group>"; };
		4AAFE81A28FCE7F000EA6FB4 /* BaseNavigationController.swift */ = {isa = PBXFileReference; lastKnownFileType = sourcecode.swift; path = BaseNavigationController.swift; sourceTree = "<group>"; };
		4AAFE81C28FCF4B300EA6FB4 /* UINavigationController+Extension.swift */ = {isa = PBXFileReference; lastKnownFileType = sourcecode.swift; path = "UINavigationController+Extension.swift"; sourceTree = "<group>"; };
		50A65933E90DD0C986D627F9 /* Pods_ScentsnoteTests.framework */ = {isa = PBXFileReference; explicitFileType = wrapper.framework; includeInIndex = 0; path = Pods_ScentsnoteTests.framework; sourceTree = BUILT_PRODUCTS_DIR; };
		94FFF111A189ED842A449AAE /* Pods_Scentsnote.framework */ = {isa = PBXFileReference; explicitFileType = wrapper.framework; includeInIndex = 0; path = Pods_Scentsnote.framework; sourceTree = BUILT_PRODUCTS_DIR; };
		C7812640266CA42AA29AA1E7 /* Pods-ScentsnoteTests.debug.xcconfig */ = {isa = PBXFileReference; includeInIndex = 1; lastKnownFileType = text.xcconfig; name = "Pods-ScentsnoteTests.debug.xcconfig"; path = "Target Support Files/Pods-ScentsnoteTests/Pods-ScentsnoteTests.debug.xcconfig"; sourceTree = "<group>"; };
		D84881AA4831F36D30424ED9 /* Pods-ScentsnoteTests.release.xcconfig */ = {isa = PBXFileReference; includeInIndex = 1; lastKnownFileType = text.xcconfig; name = "Pods-ScentsnoteTests.release.xcconfig"; path = "Target Support Files/Pods-ScentsnoteTests/Pods-ScentsnoteTests.release.xcconfig"; sourceTree = "<group>"; };
		FF58F9CBE35539235013DDEC /* Pods-Scentsnote.release.xcconfig */ = {isa = PBXFileReference; includeInIndex = 1; lastKnownFileType = text.xcconfig; name = "Pods-Scentsnote.release.xcconfig"; path = "Target Support Files/Pods-Scentsnote/Pods-Scentsnote.release.xcconfig"; sourceTree = "<group>"; };
/* End PBXFileReference section */

/* Begin PBXFrameworksBuildPhase section */
		4A8F89C128F4F91A00ACE0F1 /* Frameworks */ = {
			isa = PBXFrameworksBuildPhase;
			buildActionMask = 2147483647;
			files = (
				2117286FC2FD9949DCD33AA8 /* Pods_Scentsnote.framework in Frameworks */,
			);
			runOnlyForDeploymentPostprocessing = 0;
		};
		4A8F89D728F4F91A00ACE0F1 /* Frameworks */ = {
			isa = PBXFrameworksBuildPhase;
			buildActionMask = 2147483647;
			files = (
				3863AC847E6A85C6F2A4D3D7 /* Pods_ScentsnoteTests.framework in Frameworks */,
			);
			runOnlyForDeploymentPostprocessing = 0;
		};
		4A8F89E128F4F91A00ACE0F1 /* Frameworks */ = {
			isa = PBXFrameworksBuildPhase;
			buildActionMask = 2147483647;
			files = (
				BA85E91C3DD97F8653EC93FF /* Pods_Scentsnote_ScentsnoteUITests.framework in Frameworks */,
			);
			runOnlyForDeploymentPostprocessing = 0;
		};
/* End PBXFrameworksBuildPhase section */

/* Begin PBXGroup section */
		28738E7BE54139D15744E949 /* Frameworks */ = {
			isa = PBXGroup;
			children = (
				94FFF111A189ED842A449AAE /* Pods_Scentsnote.framework */,
				4710437B95567FDFCACC4DBE /* Pods_Scentsnote_ScentsnoteUITests.framework */,
				50A65933E90DD0C986D627F9 /* Pods_ScentsnoteTests.framework */,
			);
			name = Frameworks;
			sourceTree = "<group>";
		};
		4A8F89BB28F4F91A00ACE0F1 = {
			isa = PBXGroup;
			children = (
				4A8F89C628F4F91A00ACE0F1 /* Scentsnote */,
				4A8F89DD28F4F91A00ACE0F1 /* ScentsnoteTests */,
				4A8F89E728F4F91A00ACE0F1 /* ScentsnoteUITests */,
				4A8F89C528F4F91A00ACE0F1 /* Products */,
				607E45E672FB1FF5907CBA7A /* Pods */,
				28738E7BE54139D15744E949 /* Frameworks */,
			);
			sourceTree = "<group>";
		};
		4A8F89C528F4F91A00ACE0F1 /* Products */ = {
			isa = PBXGroup;
			children = (
				4A8F89C428F4F91A00ACE0F1 /* Scentsnote.app */,
				4A8F89DA28F4F91A00ACE0F1 /* ScentsnoteTests.xctest */,
				4A8F89E428F4F91A00ACE0F1 /* ScentsnoteUITests.xctest */,
			);
			name = Products;
			sourceTree = "<group>";
		};
		4A8F89C628F4F91A00ACE0F1 /* Scentsnote */ = {
			isa = PBXGroup;
			children = (
				4AAFE78F28FAA79000EA6FB4 /* Util */,
				4AAFE78728F8E80100EA6FB4 /* Application */,
				4AAFE78428F8E7AC00EA6FB4 /* Resource */,
				4AAFE78328F8E7A400EA6FB4 /* Domain */,
				4AAFE78228F8E79B00EA6FB4 /* Presentation */,
				4AAFE78128F8E79400EA6FB4 /* Data */,
				4AAFE78028F8E78100EA6FB4 /* Network */,
				4A8F89CB28F4F91A00ACE0F1 /* ViewController.swift */,
			);
			path = Scentsnote;
			sourceTree = "<group>";
		};
		4A8F89DD28F4F91A00ACE0F1 /* ScentsnoteTests */ = {
			isa = PBXGroup;
			children = (
				4A8F89DE28F4F91A00ACE0F1 /* ScentsnoteTests.swift */,
			);
			path = ScentsnoteTests;
			sourceTree = "<group>";
		};
		4A8F89E728F4F91A00ACE0F1 /* ScentsnoteUITests */ = {
			isa = PBXGroup;
			children = (
				4A8F89E828F4F91A00ACE0F1 /* ScentsnoteUITests.swift */,
				4A8F89EA28F4F91A00ACE0F1 /* ScentsnoteUITestsLaunchTests.swift */,
			);
			path = ScentsnoteUITests;
			sourceTree = "<group>";
		};
		4AAFE78028F8E78100EA6FB4 /* Network */ = {
			isa = PBXGroup;
			children = (
			);
			path = Network;
			sourceTree = "<group>";
		};
		4AAFE78128F8E79400EA6FB4 /* Data */ = {
			isa = PBXGroup;
			children = (
			);
			path = Data;
			sourceTree = "<group>";
		};
		4AAFE78228F8E79B00EA6FB4 /* Presentation */ = {
			isa = PBXGroup;
			children = (
				4AAFE79328FAA81E00EA6FB4 /* Common */,
				4AAFE7DE28FBC11700EA6FB4 /* OnboardingScene */,
			);
			path = Presentation;
			sourceTree = "<group>";
		};
		4AAFE78328F8E7A400EA6FB4 /* Domain */ = {
			isa = PBXGroup;
			children = (
			);
			path = Domain;
			sourceTree = "<group>";
		};
		4AAFE78428F8E7AC00EA6FB4 /* Resource */ = {
			isa = PBXGroup;
			children = (
				4AAFE78828FA824200EA6FB4 /* Font */,
				4AAFE78628F8E7EE00EA6FB4 /* Storyboard */,
				4AAFE78528F8E7C800EA6FB4 /* Asset */,
				4A8F89D528F4F91A00ACE0F1 /* Info.plist */,
			);
			path = Resource;
			sourceTree = "<group>";
		};
		4AAFE78528F8E7C800EA6FB4 /* Asset */ = {
			isa = PBXGroup;
			children = (
				4A8F89D028F4F91A00ACE0F1 /* Assets.xcassets */,
			);
			path = Asset;
			sourceTree = "<group>";
		};
		4AAFE78628F8E7EE00EA6FB4 /* Storyboard */ = {
			isa = PBXGroup;
			children = (
				4A8F89CD28F4F91A00ACE0F1 /* Main.storyboard */,
				4A8F89D228F4F91A00ACE0F1 /* LaunchScreen.storyboard */,
			);
			path = Storyboard;
			sourceTree = "<group>";
		};
		4AAFE78728F8E80100EA6FB4 /* Application */ = {
			isa = PBXGroup;
			children = (
				4A8F89C728F4F91A00ACE0F1 /* AppDelegate.swift */,
				4A8F89C928F4F91A00ACE0F1 /* SceneDelegate.swift */,
			);
			path = Application;
			sourceTree = "<group>";
		};
		4AAFE78828FA824200EA6FB4 /* Font */ = {
			isa = PBXGroup;
			children = (
				4AAFE80F28FBF7F600EA6FB4 /* NanumMyeongjo.otf */,
				4AAFE81028FBF7F600EA6FB4 /* NanumMyeongjoBold.otf */,
				4AAFE80E28FBF7F600EA6FB4 /* NanumMyeongjoExtraBold.otf */,
				4AAFE80828FBF7DE00EA6FB4 /* NotoSansCJKkr-Bold.otf */,
				4AAFE80928FBF7DE00EA6FB4 /* NotoSansCJKkr-Medium.otf */,
				4AAFE80A28FBF7DE00EA6FB4 /* NotoSansCJKkr-Regular.otf */,
			);
			path = Font;
			sourceTree = "<group>";
		};
		4AAFE78F28FAA79000EA6FB4 /* Util */ = {
			isa = PBXGroup;
			children = (
				4AAFE79028FAA79B00EA6FB4 /* Extension */,
			);
			path = Util;
			sourceTree = "<group>";
		};
		4AAFE79028FAA79B00EA6FB4 /* Extension */ = {
			isa = PBXGroup;
			children = (
				4AAFE79A28FAA94200EA6FB4 /* Constant */,
				4AAFE7F128FBE32200EA6FB4 /* UIColor+Custom.swift */,
				4AAFE7F328FBE48F00EA6FB4 /* UIFont+Custom.swift */,
				4AAFE81C28FCF4B300EA6FB4 /* UINavigationController+Extension.swift */,
			);
			path = Extension;
			sourceTree = "<group>";
		};
		4AAFE79328FAA81E00EA6FB4 /* Common */ = {
			isa = PBXGroup;
			children = (
				4AAFE79428FAA82900EA6FB4 /* Coordinator */,
				4AAFE81A28FCE7F000EA6FB4 /* BaseNavigationController.swift */,
			);
			path = Common;
			sourceTree = "<group>";
		};
		4AAFE79428FAA82900EA6FB4 /* Coordinator */ = {
			isa = PBXGroup;
			children = (
				4AAFE7DA28FB9E8F00EA6FB4 /* Factory */,
				4AAFE7D128FB974A00EA6FB4 /* Protocol */,
				4AAFE79728FAA8A100EA6FB4 /* Delegate */,
				4AAFE7E128FBC83800EA6FB4 /* DefaultApplicationCoordinator.swift */,
			);
			path = Coordinator;
			sourceTree = "<group>";
		};
		4AAFE79728FAA8A100EA6FB4 /* Delegate */ = {
			isa = PBXGroup;
			children = (
				4AAFE79828FAA8B600EA6FB4 /* CoordinatorFinishDelegate.swift */,
			);
			path = Delegate;
			sourceTree = "<group>";
		};
		4AAFE79A28FAA94200EA6FB4 /* Constant */ = {
			isa = PBXGroup;
			children = (
				4AAFE79B28FAA94E00EA6FB4 /* CoordinatorType.swift */,
			);
			path = Constant;
			sourceTree = "<group>";
		};
		4AAFE7D128FB974A00EA6FB4 /* Protocol */ = {
			isa = PBXGroup;
			children = (
				4AAFE79528FAA84400EA6FB4 /* Coordinator.swift */,
				4AAFE7D828FB9E3900EA6FB4 /* ApplicationCoordinator.swift */,
			);
			path = Protocol;
			sourceTree = "<group>";
		};
		4AAFE7DA28FB9E8F00EA6FB4 /* Factory */ = {
			isa = PBXGroup;
			children = (
				4AAFE7DB28FB9EC000EA6FB4 /* CoordinatorFactory.swift */,
			);
			path = Factory;
			sourceTree = "<group>";
		};
		4AAFE7DE28FBC11700EA6FB4 /* OnboardingScene */ = {
			isa = PBXGroup;
			children = (
				4AAFE7E328FBCA6700EA6FB4 /* Coordinator */,
				4AAFE7F528FBE5E100EA6FB4 /* View */,
				4AAFE7E428FBCA7100EA6FB4 /* ViewController */,
				4AAFE7E528FBCCBB00EA6FB4 /* ViewModel */,
			);
			path = OnboardingScene;
			sourceTree = "<group>";
		};
		4AAFE7E328FBCA6700EA6FB4 /* Coordinator */ = {
			isa = PBXGroup;
			children = (
				4AAFE7EA28FBCF3F00EA6FB4 /* Protocol */,
				4AAFE7ED28FBD07A00EA6FB4 /* DefaultOnboardingCoordinator.swift */,
				4AAFE81428FC02DB00EA6FB4 /* DefaultLoginCoordinator.swift */,
			);
			path = Coordinator;
			sourceTree = "<group>";
		};
		4AAFE7E428FBCA7100EA6FB4 /* ViewController */ = {
			isa = PBXGroup;
			children = (
				4AAFE7E628FBCF0F00EA6FB4 /* OnboardingViewController.swift */,
				4AAFE81628FC035D00EA6FB4 /* LoginViewController.swift */,
			);
			path = ViewController;
			sourceTree = "<group>";
		};
		4AAFE7E528FBCCBB00EA6FB4 /* ViewModel */ = {
			isa = PBXGroup;
			children = (
				4AAFE7E828FBCF2700EA6FB4 /* OnboardingViewModel.swift */,
				4AAFE81828FC058800EA6FB4 /* LoginViewModel.swift */,
			);
			path = ViewModel;
			sourceTree = "<group>";
		};
		4AAFE7EA28FBCF3F00EA6FB4 /* Protocol */ = {
			isa = PBXGroup;
			children = (
				4AAFE7EB28FBCF4B00EA6FB4 /* OnboardingCoordinator.swift */,
				4AAFE7EF28FBDBCB00EA6FB4 /* LoginCoordinator.swift */,
			);
			path = Protocol;
			sourceTree = "<group>";
		};
		4AAFE7F528FBE5E100EA6FB4 /* View */ = {
			isa = PBXGroup;
			children = (
			);
			path = View;
			sourceTree = "<group>";
		};
		607E45E672FB1FF5907CBA7A /* Pods */ = {
			isa = PBXGroup;
			children = (
				08C74AC5C1D83FD46A833F85 /* Pods-Scentsnote.debug.xcconfig */,
				FF58F9CBE35539235013DDEC /* Pods-Scentsnote.release.xcconfig */,
				1A82A9EC388AC1FD16853DFC /* Pods-Scentsnote-ScentsnoteUITests.debug.xcconfig */,
				02ECD673E98C72A46A8B32D3 /* Pods-Scentsnote-ScentsnoteUITests.release.xcconfig */,
				C7812640266CA42AA29AA1E7 /* Pods-ScentsnoteTests.debug.xcconfig */,
				D84881AA4831F36D30424ED9 /* Pods-ScentsnoteTests.release.xcconfig */,
			);
			path = Pods;
			sourceTree = "<group>";
		};
/* End PBXGroup section */

/* Begin PBXNativeTarget section */
		4A8F89C328F4F91A00ACE0F1 /* Scentsnote */ = {
			isa = PBXNativeTarget;
			buildConfigurationList = 4A8F89EE28F4F91A00ACE0F1 /* Build configuration list for PBXNativeTarget "Scentsnote" */;
			buildPhases = (
				4204213D8FF75406F6599CB3 /* [CP] Check Pods Manifest.lock */,
				4A8F89C028F4F91A00ACE0F1 /* Sources */,
				4A8F89C128F4F91A00ACE0F1 /* Frameworks */,
				4A8F89C228F4F91A00ACE0F1 /* Resources */,
				2B431AB739B277AC06A92E3C /* [CP] Embed Pods Frameworks */,
			);
			buildRules = (
			);
			dependencies = (
			);
			name = Scentsnote;
			productName = Scentsnote;
			productReference = 4A8F89C428F4F91A00ACE0F1 /* Scentsnote.app */;
			productType = "com.apple.product-type.application";
		};
		4A8F89D928F4F91A00ACE0F1 /* ScentsnoteTests */ = {
			isa = PBXNativeTarget;
			buildConfigurationList = 4A8F89F128F4F91A00ACE0F1 /* Build configuration list for PBXNativeTarget "ScentsnoteTests" */;
			buildPhases = (
				0DD4804CEDDAAA1562D8B45F /* [CP] Check Pods Manifest.lock */,
				4A8F89D628F4F91A00ACE0F1 /* Sources */,
				4A8F89D728F4F91A00ACE0F1 /* Frameworks */,
				4A8F89D828F4F91A00ACE0F1 /* Resources */,
			);
			buildRules = (
			);
			dependencies = (
				4A8F89DC28F4F91A00ACE0F1 /* PBXTargetDependency */,
			);
			name = ScentsnoteTests;
			productName = ScentsnoteTests;
			productReference = 4A8F89DA28F4F91A00ACE0F1 /* ScentsnoteTests.xctest */;
			productType = "com.apple.product-type.bundle.unit-test";
		};
		4A8F89E328F4F91A00ACE0F1 /* ScentsnoteUITests */ = {
			isa = PBXNativeTarget;
			buildConfigurationList = 4A8F89F428F4F91A00ACE0F1 /* Build configuration list for PBXNativeTarget "ScentsnoteUITests" */;
			buildPhases = (
				C691C81EFBC84C9F912BF1C8 /* [CP] Check Pods Manifest.lock */,
				4A8F89E028F4F91A00ACE0F1 /* Sources */,
				4A8F89E128F4F91A00ACE0F1 /* Frameworks */,
				4A8F89E228F4F91A00ACE0F1 /* Resources */,
				F8ABF3E3102B67785C989D17 /* [CP] Embed Pods Frameworks */,
			);
			buildRules = (
			);
			dependencies = (
				4A8F89E628F4F91A00ACE0F1 /* PBXTargetDependency */,
			);
			name = ScentsnoteUITests;
			productName = ScentsnoteUITests;
			productReference = 4A8F89E428F4F91A00ACE0F1 /* ScentsnoteUITests.xctest */;
			productType = "com.apple.product-type.bundle.ui-testing";
		};
/* End PBXNativeTarget section */

/* Begin PBXProject section */
		4A8F89BC28F4F91A00ACE0F1 /* Project object */ = {
			isa = PBXProject;
			attributes = {
				BuildIndependentTargetsInParallel = 1;
				LastSwiftUpdateCheck = 1400;
				LastUpgradeCheck = 1400;
				TargetAttributes = {
					4A8F89C328F4F91A00ACE0F1 = {
						CreatedOnToolsVersion = 14.0.1;
					};
					4A8F89D928F4F91A00ACE0F1 = {
						CreatedOnToolsVersion = 14.0.1;
						TestTargetID = 4A8F89C328F4F91A00ACE0F1;
					};
					4A8F89E328F4F91A00ACE0F1 = {
						CreatedOnToolsVersion = 14.0.1;
						TestTargetID = 4A8F89C328F4F91A00ACE0F1;
					};
				};
			};
			buildConfigurationList = 4A8F89BF28F4F91A00ACE0F1 /* Build configuration list for PBXProject "Scentsnote" */;
			compatibilityVersion = "Xcode 13.0";
			developmentRegion = en;
			hasScannedForEncodings = 0;
			knownRegions = (
				en,
				Base,
			);
			mainGroup = 4A8F89BB28F4F91A00ACE0F1;
			productRefGroup = 4A8F89C528F4F91A00ACE0F1 /* Products */;
			projectDirPath = "";
			projectRoot = "";
			targets = (
				4A8F89C328F4F91A00ACE0F1 /* Scentsnote */,
				4A8F89D928F4F91A00ACE0F1 /* ScentsnoteTests */,
				4A8F89E328F4F91A00ACE0F1 /* ScentsnoteUITests */,
			);
		};
/* End PBXProject section */

/* Begin PBXResourcesBuildPhase section */
		4A8F89C228F4F91A00ACE0F1 /* Resources */ = {
			isa = PBXResourcesBuildPhase;
			buildActionMask = 2147483647;
			files = (
				4A8F89D428F4F91A00ACE0F1 /* LaunchScreen.storyboard in Resources */,
				4AAFE80D28FBF7DE00EA6FB4 /* NotoSansCJKkr-Regular.otf in Resources */,
				4AAFE80B28FBF7DE00EA6FB4 /* NotoSansCJKkr-Bold.otf in Resources */,
				4A8F89D128F4F91A00ACE0F1 /* Assets.xcassets in Resources */,
				4A8F89CF28F4F91A00ACE0F1 /* Main.storyboard in Resources */,
				4AAFE80C28FBF7DE00EA6FB4 /* NotoSansCJKkr-Medium.otf in Resources */,
				4AAFE81128FBF7F600EA6FB4 /* NanumMyeongjoExtraBold.otf in Resources */,
				4AAFE81328FBF7F600EA6FB4 /* NanumMyeongjoBold.otf in Resources */,
				4AAFE81228FBF7F600EA6FB4 /* NanumMyeongjo.otf in Resources */,
			);
			runOnlyForDeploymentPostprocessing = 0;
		};
		4A8F89D828F4F91A00ACE0F1 /* Resources */ = {
			isa = PBXResourcesBuildPhase;
			buildActionMask = 2147483647;
			files = (
			);
			runOnlyForDeploymentPostprocessing = 0;
		};
		4A8F89E228F4F91A00ACE0F1 /* Resources */ = {
			isa = PBXResourcesBuildPhase;
			buildActionMask = 2147483647;
			files = (
			);
			runOnlyForDeploymentPostprocessing = 0;
		};
/* End PBXResourcesBuildPhase section */

/* Begin PBXShellScriptBuildPhase section */
		0DD4804CEDDAAA1562D8B45F /* [CP] Check Pods Manifest.lock */ = {
			isa = PBXShellScriptBuildPhase;
			buildActionMask = 2147483647;
			files = (
			);
			inputFileListPaths = (
			);
			inputPaths = (
				"${PODS_PODFILE_DIR_PATH}/Podfile.lock",
				"${PODS_ROOT}/Manifest.lock",
			);
			name = "[CP] Check Pods Manifest.lock";
			outputFileListPaths = (
			);
			outputPaths = (
				"$(DERIVED_FILE_DIR)/Pods-ScentsnoteTests-checkManifestLockResult.txt",
			);
			runOnlyForDeploymentPostprocessing = 0;
			shellPath = /bin/sh;
			shellScript = "diff \"${PODS_PODFILE_DIR_PATH}/Podfile.lock\" \"${PODS_ROOT}/Manifest.lock\" > /dev/null\nif [ $? != 0 ] ; then\n    # print error to STDERR\n    echo \"error: The sandbox is not in sync with the Podfile.lock. Run 'pod install' or update your CocoaPods installation.\" >&2\n    exit 1\nfi\n# This output is used by Xcode 'outputs' to avoid re-running this script phase.\necho \"SUCCESS\" > \"${SCRIPT_OUTPUT_FILE_0}\"\n";
			showEnvVarsInLog = 0;
		};
		2B431AB739B277AC06A92E3C /* [CP] Embed Pods Frameworks */ = {
			isa = PBXShellScriptBuildPhase;
			buildActionMask = 2147483647;
			files = (
			);
			inputFileListPaths = (
				"${PODS_ROOT}/Target Support Files/Pods-Scentsnote/Pods-Scentsnote-frameworks-${CONFIGURATION}-input-files.xcfilelist",
			);
			name = "[CP] Embed Pods Frameworks";
			outputFileListPaths = (
				"${PODS_ROOT}/Target Support Files/Pods-Scentsnote/Pods-Scentsnote-frameworks-${CONFIGURATION}-output-files.xcfilelist",
			);
			runOnlyForDeploymentPostprocessing = 0;
			shellPath = /bin/sh;
			shellScript = "\"${PODS_ROOT}/Target Support Files/Pods-Scentsnote/Pods-Scentsnote-frameworks.sh\"\n";
			showEnvVarsInLog = 0;
		};
		4204213D8FF75406F6599CB3 /* [CP] Check Pods Manifest.lock */ = {
			isa = PBXShellScriptBuildPhase;
			buildActionMask = 2147483647;
			files = (
			);
			inputFileListPaths = (
			);
			inputPaths = (
				"${PODS_PODFILE_DIR_PATH}/Podfile.lock",
				"${PODS_ROOT}/Manifest.lock",
			);
			name = "[CP] Check Pods Manifest.lock";
			outputFileListPaths = (
			);
			outputPaths = (
				"$(DERIVED_FILE_DIR)/Pods-Scentsnote-checkManifestLockResult.txt",
			);
			runOnlyForDeploymentPostprocessing = 0;
			shellPath = /bin/sh;
			shellScript = "diff \"${PODS_PODFILE_DIR_PATH}/Podfile.lock\" \"${PODS_ROOT}/Manifest.lock\" > /dev/null\nif [ $? != 0 ] ; then\n    # print error to STDERR\n    echo \"error: The sandbox is not in sync with the Podfile.lock. Run 'pod install' or update your CocoaPods installation.\" >&2\n    exit 1\nfi\n# This output is used by Xcode 'outputs' to avoid re-running this script phase.\necho \"SUCCESS\" > \"${SCRIPT_OUTPUT_FILE_0}\"\n";
			showEnvVarsInLog = 0;
		};
		C691C81EFBC84C9F912BF1C8 /* [CP] Check Pods Manifest.lock */ = {
			isa = PBXShellScriptBuildPhase;
			buildActionMask = 2147483647;
			files = (
			);
			inputFileListPaths = (
			);
			inputPaths = (
				"${PODS_PODFILE_DIR_PATH}/Podfile.lock",
				"${PODS_ROOT}/Manifest.lock",
			);
			name = "[CP] Check Pods Manifest.lock";
			outputFileListPaths = (
			);
			outputPaths = (
				"$(DERIVED_FILE_DIR)/Pods-Scentsnote-ScentsnoteUITests-checkManifestLockResult.txt",
			);
			runOnlyForDeploymentPostprocessing = 0;
			shellPath = /bin/sh;
			shellScript = "diff \"${PODS_PODFILE_DIR_PATH}/Podfile.lock\" \"${PODS_ROOT}/Manifest.lock\" > /dev/null\nif [ $? != 0 ] ; then\n    # print error to STDERR\n    echo \"error: The sandbox is not in sync with the Podfile.lock. Run 'pod install' or update your CocoaPods installation.\" >&2\n    exit 1\nfi\n# This output is used by Xcode 'outputs' to avoid re-running this script phase.\necho \"SUCCESS\" > \"${SCRIPT_OUTPUT_FILE_0}\"\n";
			showEnvVarsInLog = 0;
		};
		F8ABF3E3102B67785C989D17 /* [CP] Embed Pods Frameworks */ = {
			isa = PBXShellScriptBuildPhase;
			buildActionMask = 2147483647;
			files = (
			);
			inputFileListPaths = (
				"${PODS_ROOT}/Target Support Files/Pods-Scentsnote-ScentsnoteUITests/Pods-Scentsnote-ScentsnoteUITests-frameworks-${CONFIGURATION}-input-files.xcfilelist",
			);
			name = "[CP] Embed Pods Frameworks";
			outputFileListPaths = (
				"${PODS_ROOT}/Target Support Files/Pods-Scentsnote-ScentsnoteUITests/Pods-Scentsnote-ScentsnoteUITests-frameworks-${CONFIGURATION}-output-files.xcfilelist",
			);
			runOnlyForDeploymentPostprocessing = 0;
			shellPath = /bin/sh;
			shellScript = "\"${PODS_ROOT}/Target Support Files/Pods-Scentsnote-ScentsnoteUITests/Pods-Scentsnote-ScentsnoteUITests-frameworks.sh\"\n";
			showEnvVarsInLog = 0;
		};
/* End PBXShellScriptBuildPhase section */

/* Begin PBXSourcesBuildPhase section */
		4A8F89C028F4F91A00ACE0F1 /* Sources */ = {
			isa = PBXSourcesBuildPhase;
			buildActionMask = 2147483647;
			files = (
				4AAFE81728FC035D00EA6FB4 /* LoginViewController.swift in Sources */,
				4AAFE7E928FBCF2700EA6FB4 /* OnboardingViewModel.swift in Sources */,
				4AAFE79928FAA8B600EA6FB4 /* CoordinatorFinishDelegate.swift in Sources */,
				4AAFE79628FAA84400EA6FB4 /* Coordinator.swift in Sources */,
				4AAFE79C28FAA94E00EA6FB4 /* CoordinatorType.swift in Sources */,
				4AAFE7D928FB9E3900EA6FB4 /* ApplicationCoordinator.swift in Sources */,
				4AAFE7EE28FBD07A00EA6FB4 /* DefaultOnboardingCoordinator.swift in Sources */,
				4AAFE7EC28FBCF4B00EA6FB4 /* OnboardingCoordinator.swift in Sources */,
				4AAFE81B28FCE7F000EA6FB4 /* BaseNavigationController.swift in Sources */,
				4AAFE7E228FBC83800EA6FB4 /* DefaultApplicationCoordinator.swift in Sources */,
				4AAFE7F228FBE32200EA6FB4 /* UIColor+Custom.swift in Sources */,
				4AAFE81D28FCF4B300EA6FB4 /* UINavigationController+Extension.swift in Sources */,
				4AAFE7F428FBE48F00EA6FB4 /* UIFont+Custom.swift in Sources */,
				4AAFE7F028FBDBCB00EA6FB4 /* LoginCoordinator.swift in Sources */,
				4AAFE81528FC02DB00EA6FB4 /* DefaultLoginCoordinator.swift in Sources */,
				4A8F89CC28F4F91A00ACE0F1 /* ViewController.swift in Sources */,
				4A8F89C828F4F91A00ACE0F1 /* AppDelegate.swift in Sources */,
				4AAFE7E728FBCF0F00EA6FB4 /* OnboardingViewController.swift in Sources */,
				4AAFE7DC28FB9EC000EA6FB4 /* CoordinatorFactory.swift in Sources */,
				4AAFE81928FC058800EA6FB4 /* LoginViewModel.swift in Sources */,
				4A8F89CA28F4F91A00ACE0F1 /* SceneDelegate.swift in Sources */,
			);
			runOnlyForDeploymentPostprocessing = 0;
		};
		4A8F89D628F4F91A00ACE0F1 /* Sources */ = {
			isa = PBXSourcesBuildPhase;
			buildActionMask = 2147483647;
			files = (
				4A8F89DF28F4F91A00ACE0F1 /* ScentsnoteTests.swift in Sources */,
			);
			runOnlyForDeploymentPostprocessing = 0;
		};
		4A8F89E028F4F91A00ACE0F1 /* Sources */ = {
			isa = PBXSourcesBuildPhase;
			buildActionMask = 2147483647;
			files = (
				4A8F89EB28F4F91A00ACE0F1 /* ScentsnoteUITestsLaunchTests.swift in Sources */,
				4A8F89E928F4F91A00ACE0F1 /* ScentsnoteUITests.swift in Sources */,
			);
			runOnlyForDeploymentPostprocessing = 0;
		};
/* End PBXSourcesBuildPhase section */

/* Begin PBXTargetDependency section */
		4A8F89DC28F4F91A00ACE0F1 /* PBXTargetDependency */ = {
			isa = PBXTargetDependency;
			target = 4A8F89C328F4F91A00ACE0F1 /* Scentsnote */;
			targetProxy = 4A8F89DB28F4F91A00ACE0F1 /* PBXContainerItemProxy */;
		};
		4A8F89E628F4F91A00ACE0F1 /* PBXTargetDependency */ = {
			isa = PBXTargetDependency;
			target = 4A8F89C328F4F91A00ACE0F1 /* Scentsnote */;
			targetProxy = 4A8F89E528F4F91A00ACE0F1 /* PBXContainerItemProxy */;
		};
/* End PBXTargetDependency section */

/* Begin PBXVariantGroup section */
		4A8F89CD28F4F91A00ACE0F1 /* Main.storyboard */ = {
			isa = PBXVariantGroup;
			children = (
				4A8F89CE28F4F91A00ACE0F1 /* Base */,
			);
			name = Main.storyboard;
			sourceTree = "<group>";
		};
		4A8F89D228F4F91A00ACE0F1 /* LaunchScreen.storyboard */ = {
			isa = PBXVariantGroup;
			children = (
				4A8F89D328F4F91A00ACE0F1 /* Base */,
			);
			name = LaunchScreen.storyboard;
			sourceTree = "<group>";
		};
/* End PBXVariantGroup section */

/* Begin XCBuildConfiguration section */
		4A8F89EC28F4F91A00ACE0F1 /* Debug */ = {
			isa = XCBuildConfiguration;
			buildSettings = {
				ALWAYS_SEARCH_USER_PATHS = NO;
				CLANG_ANALYZER_NONNULL = YES;
				CLANG_ANALYZER_NUMBER_OBJECT_CONVERSION = YES_AGGRESSIVE;
				CLANG_CXX_LANGUAGE_STANDARD = "gnu++20";
				CLANG_ENABLE_MODULES = YES;
				CLANG_ENABLE_OBJC_ARC = YES;
				CLANG_ENABLE_OBJC_WEAK = YES;
				CLANG_WARN_BLOCK_CAPTURE_AUTORELEASING = YES;
				CLANG_WARN_BOOL_CONVERSION = YES;
				CLANG_WARN_COMMA = YES;
				CLANG_WARN_CONSTANT_CONVERSION = YES;
				CLANG_WARN_DEPRECATED_OBJC_IMPLEMENTATIONS = YES;
				CLANG_WARN_DIRECT_OBJC_ISA_USAGE = YES_ERROR;
				CLANG_WARN_DOCUMENTATION_COMMENTS = YES;
				CLANG_WARN_EMPTY_BODY = YES;
				CLANG_WARN_ENUM_CONVERSION = YES;
				CLANG_WARN_INFINITE_RECURSION = YES;
				CLANG_WARN_INT_CONVERSION = YES;
				CLANG_WARN_NON_LITERAL_NULL_CONVERSION = YES;
				CLANG_WARN_OBJC_IMPLICIT_RETAIN_SELF = YES;
				CLANG_WARN_OBJC_LITERAL_CONVERSION = YES;
				CLANG_WARN_OBJC_ROOT_CLASS = YES_ERROR;
				CLANG_WARN_QUOTED_INCLUDE_IN_FRAMEWORK_HEADER = YES;
				CLANG_WARN_RANGE_LOOP_ANALYSIS = YES;
				CLANG_WARN_STRICT_PROTOTYPES = YES;
				CLANG_WARN_SUSPICIOUS_MOVE = YES;
				CLANG_WARN_UNGUARDED_AVAILABILITY = YES_AGGRESSIVE;
				CLANG_WARN_UNREACHABLE_CODE = YES;
				CLANG_WARN__DUPLICATE_METHOD_MATCH = YES;
				COPY_PHASE_STRIP = NO;
				DEBUG_INFORMATION_FORMAT = dwarf;
				ENABLE_STRICT_OBJC_MSGSEND = YES;
				ENABLE_TESTABILITY = YES;
				GCC_C_LANGUAGE_STANDARD = gnu11;
				GCC_DYNAMIC_NO_PIC = NO;
				GCC_NO_COMMON_BLOCKS = YES;
				GCC_OPTIMIZATION_LEVEL = 0;
				GCC_PREPROCESSOR_DEFINITIONS = (
					"DEBUG=1",
					"$(inherited)",
				);
				GCC_WARN_64_TO_32_BIT_CONVERSION = YES;
				GCC_WARN_ABOUT_RETURN_TYPE = YES_ERROR;
				GCC_WARN_UNDECLARED_SELECTOR = YES;
				GCC_WARN_UNINITIALIZED_AUTOS = YES_AGGRESSIVE;
				GCC_WARN_UNUSED_FUNCTION = YES;
				GCC_WARN_UNUSED_VARIABLE = YES;
				IPHONEOS_DEPLOYMENT_TARGET = 14.0;
				MTL_ENABLE_DEBUG_INFO = INCLUDE_SOURCE;
				MTL_FAST_MATH = YES;
				ONLY_ACTIVE_ARCH = YES;
				SDKROOT = iphoneos;
				SWIFT_ACTIVE_COMPILATION_CONDITIONS = DEBUG;
				SWIFT_OPTIMIZATION_LEVEL = "-Onone";
			};
			name = Debug;
		};
		4A8F89ED28F4F91A00ACE0F1 /* Release */ = {
			isa = XCBuildConfiguration;
			buildSettings = {
				ALWAYS_SEARCH_USER_PATHS = NO;
				CLANG_ANALYZER_NONNULL = YES;
				CLANG_ANALYZER_NUMBER_OBJECT_CONVERSION = YES_AGGRESSIVE;
				CLANG_CXX_LANGUAGE_STANDARD = "gnu++20";
				CLANG_ENABLE_MODULES = YES;
				CLANG_ENABLE_OBJC_ARC = YES;
				CLANG_ENABLE_OBJC_WEAK = YES;
				CLANG_WARN_BLOCK_CAPTURE_AUTORELEASING = YES;
				CLANG_WARN_BOOL_CONVERSION = YES;
				CLANG_WARN_COMMA = YES;
				CLANG_WARN_CONSTANT_CONVERSION = YES;
				CLANG_WARN_DEPRECATED_OBJC_IMPLEMENTATIONS = YES;
				CLANG_WARN_DIRECT_OBJC_ISA_USAGE = YES_ERROR;
				CLANG_WARN_DOCUMENTATION_COMMENTS = YES;
				CLANG_WARN_EMPTY_BODY = YES;
				CLANG_WARN_ENUM_CONVERSION = YES;
				CLANG_WARN_INFINITE_RECURSION = YES;
				CLANG_WARN_INT_CONVERSION = YES;
				CLANG_WARN_NON_LITERAL_NULL_CONVERSION = YES;
				CLANG_WARN_OBJC_IMPLICIT_RETAIN_SELF = YES;
				CLANG_WARN_OBJC_LITERAL_CONVERSION = YES;
				CLANG_WARN_OBJC_ROOT_CLASS = YES_ERROR;
				CLANG_WARN_QUOTED_INCLUDE_IN_FRAMEWORK_HEADER = YES;
				CLANG_WARN_RANGE_LOOP_ANALYSIS = YES;
				CLANG_WARN_STRICT_PROTOTYPES = YES;
				CLANG_WARN_SUSPICIOUS_MOVE = YES;
				CLANG_WARN_UNGUARDED_AVAILABILITY = YES_AGGRESSIVE;
				CLANG_WARN_UNREACHABLE_CODE = YES;
				CLANG_WARN__DUPLICATE_METHOD_MATCH = YES;
				COPY_PHASE_STRIP = NO;
				DEBUG_INFORMATION_FORMAT = "dwarf-with-dsym";
				ENABLE_NS_ASSERTIONS = NO;
				ENABLE_STRICT_OBJC_MSGSEND = YES;
				GCC_C_LANGUAGE_STANDARD = gnu11;
				GCC_NO_COMMON_BLOCKS = YES;
				GCC_WARN_64_TO_32_BIT_CONVERSION = YES;
				GCC_WARN_ABOUT_RETURN_TYPE = YES_ERROR;
				GCC_WARN_UNDECLARED_SELECTOR = YES;
				GCC_WARN_UNINITIALIZED_AUTOS = YES_AGGRESSIVE;
				GCC_WARN_UNUSED_FUNCTION = YES;
				GCC_WARN_UNUSED_VARIABLE = YES;
				IPHONEOS_DEPLOYMENT_TARGET = 14.0;
				MTL_ENABLE_DEBUG_INFO = NO;
				MTL_FAST_MATH = YES;
				SDKROOT = iphoneos;
				SWIFT_COMPILATION_MODE = wholemodule;
				SWIFT_OPTIMIZATION_LEVEL = "-O";
				VALIDATE_PRODUCT = YES;
			};
			name = Release;
		};
		4A8F89EF28F4F91A00ACE0F1 /* Debug */ = {
			isa = XCBuildConfiguration;
			baseConfigurationReference = 08C74AC5C1D83FD46A833F85 /* Pods-Scentsnote.debug.xcconfig */;
			buildSettings = {
				ASSETCATALOG_COMPILER_APPICON_NAME = AppIcon;
				ASSETCATALOG_COMPILER_GLOBAL_ACCENT_COLOR_NAME = AccentColor;
				CODE_SIGN_STYLE = Automatic;
				CURRENT_PROJECT_VERSION = 1;
				DEVELOPMENT_TEAM = 79K7D639YK;
				GENERATE_INFOPLIST_FILE = YES;
				INFOPLIST_FILE = Scentsnote/Resource/Info.plist;
				INFOPLIST_KEY_UIApplicationSupportsIndirectInputEvents = YES;
				INFOPLIST_KEY_UILaunchStoryboardName = LaunchScreen;
				INFOPLIST_KEY_UIMainStoryboardFile = Main;
				INFOPLIST_KEY_UISupportedInterfaceOrientations_iPad = "UIInterfaceOrientationPortrait UIInterfaceOrientationPortraitUpsideDown UIInterfaceOrientationLandscapeLeft UIInterfaceOrientationLandscapeRight";
				INFOPLIST_KEY_UISupportedInterfaceOrientations_iPhone = "UIInterfaceOrientationPortrait UIInterfaceOrientationLandscapeLeft UIInterfaceOrientationLandscapeRight";
				LD_RUNPATH_SEARCH_PATHS = (
					"$(inherited)",
					"@executable_path/Frameworks",
				);
				MARKETING_VERSION = 1.0;
				PRODUCT_BUNDLE_IDENTIFIER = com.afume.Scentsnote;
				PRODUCT_NAME = "$(TARGET_NAME)";
				SWIFT_EMIT_LOC_STRINGS = YES;
				SWIFT_VERSION = 5.0;
				TARGETED_DEVICE_FAMILY = "1,2";
			};
			name = Debug;
		};
		4A8F89F028F4F91A00ACE0F1 /* Release */ = {
			isa = XCBuildConfiguration;
			baseConfigurationReference = FF58F9CBE35539235013DDEC /* Pods-Scentsnote.release.xcconfig */;
			buildSettings = {
				ASSETCATALOG_COMPILER_APPICON_NAME = AppIcon;
				ASSETCATALOG_COMPILER_GLOBAL_ACCENT_COLOR_NAME = AccentColor;
				CODE_SIGN_STYLE = Automatic;
				CURRENT_PROJECT_VERSION = 1;
				DEVELOPMENT_TEAM = 79K7D639YK;
				GENERATE_INFOPLIST_FILE = YES;
				INFOPLIST_FILE = Scentsnote/Resource/Info.plist;
				INFOPLIST_KEY_UIApplicationSupportsIndirectInputEvents = YES;
				INFOPLIST_KEY_UILaunchStoryboardName = LaunchScreen;
				INFOPLIST_KEY_UIMainStoryboardFile = Main;
				INFOPLIST_KEY_UISupportedInterfaceOrientations_iPad = "UIInterfaceOrientationPortrait UIInterfaceOrientationPortraitUpsideDown UIInterfaceOrientationLandscapeLeft UIInterfaceOrientationLandscapeRight";
				INFOPLIST_KEY_UISupportedInterfaceOrientations_iPhone = "UIInterfaceOrientationPortrait UIInterfaceOrientationLandscapeLeft UIInterfaceOrientationLandscapeRight";
				LD_RUNPATH_SEARCH_PATHS = (
					"$(inherited)",
					"@executable_path/Frameworks",
				);
				MARKETING_VERSION = 1.0;
				PRODUCT_BUNDLE_IDENTIFIER = com.afume.Scentsnote;
				PRODUCT_NAME = "$(TARGET_NAME)";
				SWIFT_EMIT_LOC_STRINGS = YES;
				SWIFT_VERSION = 5.0;
				TARGETED_DEVICE_FAMILY = "1,2";
			};
			name = Release;
		};
		4A8F89F228F4F91A00ACE0F1 /* Debug */ = {
			isa = XCBuildConfiguration;
			baseConfigurationReference = C7812640266CA42AA29AA1E7 /* Pods-ScentsnoteTests.debug.xcconfig */;
			buildSettings = {
				ALWAYS_EMBED_SWIFT_STANDARD_LIBRARIES = YES;
				BUNDLE_LOADER = "$(TEST_HOST)";
				CODE_SIGN_STYLE = Automatic;
				CURRENT_PROJECT_VERSION = 1;
				DEVELOPMENT_TEAM = 79K7D639YK;
				GENERATE_INFOPLIST_FILE = YES;
				IPHONEOS_DEPLOYMENT_TARGET = 16.0;
				MARKETING_VERSION = 1.0;
				PRODUCT_BUNDLE_IDENTIFIER = com.afume.ScentsnoteTests;
				PRODUCT_NAME = "$(TARGET_NAME)";
				SWIFT_EMIT_LOC_STRINGS = NO;
				SWIFT_VERSION = 5.0;
				TARGETED_DEVICE_FAMILY = "1,2";
				TEST_HOST = "$(BUILT_PRODUCTS_DIR)/Scentsnote.app/$(BUNDLE_EXECUTABLE_FOLDER_PATH)/Scentsnote";
			};
			name = Debug;
		};
		4A8F89F328F4F91A00ACE0F1 /* Release */ = {
			isa = XCBuildConfiguration;
			baseConfigurationReference = D84881AA4831F36D30424ED9 /* Pods-ScentsnoteTests.release.xcconfig */;
			buildSettings = {
				ALWAYS_EMBED_SWIFT_STANDARD_LIBRARIES = YES;
				BUNDLE_LOADER = "$(TEST_HOST)";
				CODE_SIGN_STYLE = Automatic;
				CURRENT_PROJECT_VERSION = 1;
				DEVELOPMENT_TEAM = 79K7D639YK;
				GENERATE_INFOPLIST_FILE = YES;
				IPHONEOS_DEPLOYMENT_TARGET = 16.0;
				MARKETING_VERSION = 1.0;
				PRODUCT_BUNDLE_IDENTIFIER = com.afume.ScentsnoteTests;
				PRODUCT_NAME = "$(TARGET_NAME)";
				SWIFT_EMIT_LOC_STRINGS = NO;
				SWIFT_VERSION = 5.0;
				TARGETED_DEVICE_FAMILY = "1,2";
				TEST_HOST = "$(BUILT_PRODUCTS_DIR)/Scentsnote.app/$(BUNDLE_EXECUTABLE_FOLDER_PATH)/Scentsnote";
			};
			name = Release;
		};
		4A8F89F528F4F91A00ACE0F1 /* Debug */ = {
			isa = XCBuildConfiguration;
			baseConfigurationReference = 1A82A9EC388AC1FD16853DFC /* Pods-Scentsnote-ScentsnoteUITests.debug.xcconfig */;
			buildSettings = {
				ALWAYS_EMBED_SWIFT_STANDARD_LIBRARIES = YES;
				CODE_SIGN_STYLE = Automatic;
				CURRENT_PROJECT_VERSION = 1;
				DEVELOPMENT_TEAM = 79K7D639YK;
				GENERATE_INFOPLIST_FILE = YES;
				MARKETING_VERSION = 1.0;
				PRODUCT_BUNDLE_IDENTIFIER = com.afume.ScentsnoteUITests;
				PRODUCT_NAME = "$(TARGET_NAME)";
				SWIFT_EMIT_LOC_STRINGS = NO;
				SWIFT_VERSION = 5.0;
				TARGETED_DEVICE_FAMILY = "1,2";
				TEST_TARGET_NAME = Scentsnote;
			};
			name = Debug;
		};
		4A8F89F628F4F91A00ACE0F1 /* Release */ = {
			isa = XCBuildConfiguration;
			baseConfigurationReference = 02ECD673E98C72A46A8B32D3 /* Pods-Scentsnote-ScentsnoteUITests.release.xcconfig */;
			buildSettings = {
				ALWAYS_EMBED_SWIFT_STANDARD_LIBRARIES = YES;
				CODE_SIGN_STYLE = Automatic;
				CURRENT_PROJECT_VERSION = 1;
				DEVELOPMENT_TEAM = 79K7D639YK;
				GENERATE_INFOPLIST_FILE = YES;
				MARKETING_VERSION = 1.0;
				PRODUCT_BUNDLE_IDENTIFIER = com.afume.ScentsnoteUITests;
				PRODUCT_NAME = "$(TARGET_NAME)";
				SWIFT_EMIT_LOC_STRINGS = NO;
				SWIFT_VERSION = 5.0;
				TARGETED_DEVICE_FAMILY = "1,2";
				TEST_TARGET_NAME = Scentsnote;
			};
			name = Release;
		};
/* End XCBuildConfiguration section */

/* Begin XCConfigurationList section */
		4A8F89BF28F4F91A00ACE0F1 /* Build configuration list for PBXProject "Scentsnote" */ = {
			isa = XCConfigurationList;
			buildConfigurations = (
				4A8F89EC28F4F91A00ACE0F1 /* Debug */,
				4A8F89ED28F4F91A00ACE0F1 /* Release */,
			);
			defaultConfigurationIsVisible = 0;
			defaultConfigurationName = Release;
		};
		4A8F89EE28F4F91A00ACE0F1 /* Build configuration list for PBXNativeTarget "Scentsnote" */ = {
			isa = XCConfigurationList;
			buildConfigurations = (
				4A8F89EF28F4F91A00ACE0F1 /* Debug */,
				4A8F89F028F4F91A00ACE0F1 /* Release */,
			);
			defaultConfigurationIsVisible = 0;
			defaultConfigurationName = Release;
		};
		4A8F89F128F4F91A00ACE0F1 /* Build configuration list for PBXNativeTarget "ScentsnoteTests" */ = {
			isa = XCConfigurationList;
			buildConfigurations = (
				4A8F89F228F4F91A00ACE0F1 /* Debug */,
				4A8F89F328F4F91A00ACE0F1 /* Release */,
			);
			defaultConfigurationIsVisible = 0;
			defaultConfigurationName = Release;
		};
		4A8F89F428F4F91A00ACE0F1 /* Build configuration list for PBXNativeTarget "ScentsnoteUITests" */ = {
			isa = XCConfigurationList;
			buildConfigurations = (
				4A8F89F528F4F91A00ACE0F1 /* Debug */,
				4A8F89F628F4F91A00ACE0F1 /* Release */,
			);
			defaultConfigurationIsVisible = 0;
			defaultConfigurationName = Release;
		};
/* End XCConfigurationList section */
	};
	rootObject = 4A8F89BC28F4F91A00ACE0F1 /* Project object */;
}
